
Microsoft Visual Studio Solution File, Format Version 12.00
# Visual Studio Version 17
VisualStudioVersion = 17.5.2.0
MinimumVisualStudioVersion = 10.0.40219.1
Project("{FAE04EC0-301F-11D3-BF4B-00C04F79EFBC}") = "FinanceiroPontoNet.Application", "src\FinanceiroPontoNet.Application\FinanceiroPontoNet.Application.csproj", "{F6D5BAC8-E9DF-63E9-F757-01B857547916}"
EndProject
Project("{FAE04EC0-301F-11D3-BF4B-00C04F79EFBC}") = "FinanceiroPontoNet.Domain", "src\FinanceiroPontoNet.Domain\FinanceiroPontoNet.Domain.csproj", "{1FB833CB-1B3A-F9EF-EC5E-CEF13D97E9CE}"
EndProject
Project("{FAE04EC0-301F-11D3-BF4B-00C04F79EFBC}") = "FinanceiroPontoNet.Infrastructure", "src\FinanceiroPontoNet.Infrastructure\FinanceiroPontoNet.Infrastructure.csproj", "{0B80086C-757A-459D-DAE7-CE7EC5D615F6}"
EndProject
Project("{FAE04EC0-301F-11D3-BF4B-00C04F79EFBC}") = "FinanceiroPontoNet.Web", "src\FinanceiroPontoNet.Web\FinanceiroPontoNet.Web.csproj", "{EB9DCDB2-9FF9-4610-025E-BF673F2C9F2D}"
EndProject
Project("{FAE04EC0-301F-11D3-BF4B-00C04F79EFBC}") = "FinanceiroPontoNet.Tests", "tests\FinanceiroPontoNet.Tests\FinanceiroPontoNet.Tests.csproj", "{C4FD07CD-7A49-4D80-ABC3-83685530A77B}"
EndProject
Project("{2150E333-8FDC-42A3-9474-1A3956D46DE8}") = "src", "src", "{02EA681E-C7D8-13C7-8484-4AC65E1B71E8}"
EndProject
Project("{2150E333-8FDC-42A3-9474-1A3956D46DE8}") = "tests", "tests", "{990CD275-DB27-49C0-B63B-2D72C67DCA8E}"
EndProject
Global
	GlobalSection(SolutionConfigurationPlatforms) = preSolution
		Debug|Any CPU = Debug|Any CPU
		Debug|x64 = Debug|x64
		Debug|x86 = Debug|x86
		Release|Any CPU = Release|Any CPU
		Release|x64 = Release|x64
		Release|x86 = Release|x86
	EndGlobalSection
	GlobalSection(ProjectConfigurationPlatforms) = postSolution
		{F6D5BAC8-E9DF-63E9-F757-01B857547916}.Debug|Any CPU.ActiveCfg = Debug|Any CPU
		{F6D5BAC8-E9DF-63E9-F757-01B857547916}.Debug|Any CPU.Build.0 = Debug|Any CPU
		{F6D5BAC8-E9DF-63E9-F757-01B857547916}.Debug|x64.ActiveCfg = Debug|Any CPU
		{F6D5BAC8-E9DF-63E9-F757-01B857547916}.Debug|x64.Build.0 = Debug|Any CPU
		{F6D5BAC8-E9DF-63E9-F757-01B857547916}.Debug|x86.ActiveCfg = Debug|Any CPU
		{F6D5BAC8-E9DF-63E9-F757-01B857547916}.Debug|x86.Build.0 = Debug|Any CPU
		{F6D5BAC8-E9DF-63E9-F757-01B857547916}.Release|Any CPU.ActiveCfg = Release|Any CPU
		{F6D5BAC8-E9DF-63E9-F757-01B857547916}.Release|Any CPU.Build.0 = Release|Any CPU
		{F6D5BAC8-E9DF-63E9-F757-01B857547916}.Release|x64.ActiveCfg = Release|Any CPU
		{F6D5BAC8-E9DF-63E9-F757-01B857547916}.Release|x64.Build.0 = Release|Any CPU
		{F6D5BAC8-E9DF-63E9-F757-01B857547916}.Release|x86.ActiveCfg = Release|Any CPU
		{F6D5BAC8-E9DF-63E9-F757-01B857547916}.Release|x86.Build.0 = Release|Any CPU
		{1FB833CB-1B3A-F9EF-EC5E-CEF13D97E9CE}.Debug|Any CPU.ActiveCfg = Debug|Any CPU
		{1FB833CB-1B3A-F9EF-EC5E-CEF13D97E9CE}.Debug|Any CPU.Build.0 = Debug|Any CPU
		{1FB833CB-1B3A-F9EF-EC5E-CEF13D97E9CE}.Debug|x64.ActiveCfg = Debug|Any CPU
		{1FB833CB-1B3A-F9EF-EC5E-CEF13D97E9CE}.Debug|x64.Build.0 = Debug|Any CPU
		{1FB833CB-1B3A-F9EF-EC5E-CEF13D97E9CE}.Debug|x86.ActiveCfg = Debug|Any CPU
		{1FB833CB-1B3A-F9EF-EC5E-CEF13D97E9CE}.Debug|x86.Build.0 = Debug|Any CPU
		{1FB833CB-1B3A-F9EF-EC5E-CEF13D97E9CE}.Release|Any CPU.ActiveCfg = Release|Any CPU
		{1FB833CB-1B3A-F9EF-EC5E-CEF13D97E9CE}.Release|Any CPU.Build.0 = Release|Any CPU
		{1FB833CB-1B3A-F9EF-EC5E-CEF13D97E9CE}.Release|x64.ActiveCfg = Release|Any CPU
		{1FB833CB-1B3A-F9EF-EC5E-CEF13D97E9CE}.Release|x64.Build.0 = Release|Any CPU
		{1FB833CB-1B3A-F9EF-EC5E-CEF13D97E9CE}.Release|x86.ActiveCfg = Release|Any CPU
		{1FB833CB-1B3A-F9EF-EC5E-CEF13D97E9CE}.Release|x86.Build.0 = Release|Any CPU
		{0B80086C-757A-459D-DAE7-CE7EC5D615F6}.Debug|Any CPU.ActiveCfg = Debug|Any CPU
		{0B80086C-757A-459D-DAE7-CE7EC5D615F6}.Debug|Any CPU.Build.0 = Debug|Any CPU
		{0B80086C-757A-459D-DAE7-CE7EC5D615F6}.Debug|x64.ActiveCfg = Debug|Any CPU
		{0B80086C-757A-459D-DAE7-CE7EC5D615F6}.Debug|x64.Build.0 = Debug|Any CPU
		{0B80086C-757A-459D-DAE7-CE7EC5D615F6}.Debug|x86.ActiveCfg = Debug|Any CPU
		{0B80086C-757A-459D-DAE7-CE7EC5D615F6}.Debug|x86.Build.0 = Debug|Any CPU
		{0B80086C-757A-459D-DAE7-CE7EC5D615F6}.Release|Any CPU.ActiveCfg = Release|Any CPU
		{0B80086C-757A-459D-DAE7-CE7EC5D615F6}.Release|Any CPU.Build.0 = Release|Any CPU
		{0B80086C-757A-459D-DAE7-CE7EC5D615F6}.Release|x64.ActiveCfg = Release|Any CPU
		{0B80086C-757A-459D-DAE7-CE7EC5D615F6}.Release|x64.Build.0 = Release|Any CPU
		{0B80086C-757A-459D-DAE7-CE7EC5D615F6}.Release|x86.ActiveCfg = Release|Any CPU
		{0B80086C-757A-459D-DAE7-CE7EC5D615F6}.Release|x86.Build.0 = Release|Any CPU
		{EB9DCDB2-9FF9-4610-025E-BF673F2C9F2D}.Debug|Any CPU.ActiveCfg = Debug|Any CPU
		{EB9DCDB2-9FF9-4610-025E-BF673F2C9F2D}.Debug|Any CPU.Build.0 = Debug|Any CPU
		{EB9DCDB2-9FF9-4610-025E-BF673F2C9F2D}.Debug|x64.ActiveCfg = Debug|Any CPU
		{EB9DCDB2-9FF9-4610-025E-BF673F2C9F2D}.Debug|x64.Build.0 = Debug|Any CPU
		{EB9DCDB2-9FF9-4610-025E-BF673F2C9F2D}.Debug|x86.ActiveCfg = Debug|Any CPU
		{EB9DCDB2-9FF9-4610-025E-BF673F2C9F2D}.Debug|x86.Build.0 = Debug|Any CPU
		{EB9DCDB2-9FF9-4610-025E-BF673F2C9F2D}.Release|Any CPU.ActiveCfg = Release|Any CPU
		{EB9DCDB2-9FF9-4610-025E-BF673F2C9F2D}.Release|Any CPU.Build.0 = Release|Any CPU
		{EB9DCDB2-9FF9-4610-025E-BF673F2C9F2D}.Release|x64.ActiveCfg = Release|Any CPU
		{EB9DCDB2-9FF9-4610-025E-BF673F2C9F2D}.Release|x64.Build.0 = Release|Any CPU
		{EB9DCDB2-9FF9-4610-025E-BF673F2C9F2D}.Release|x86.ActiveCfg = Release|Any CPU
		{EB9DCDB2-9FF9-4610-025E-BF673F2C9F2D}.Release|x86.Build.0 = Release|Any CPU
		{C4FD07CD-7A49-4D80-ABC3-83685530A77B}.Debug|Any CPU.ActiveCfg = Debug|Any CPU
		{C4FD07CD-7A49-4D80-ABC3-83685530A77B}.Debug|Any CPU.Build.0 = Debug|Any CPU
		{C4FD07CD-7A49-4D80-ABC3-83685530A77B}.Debug|x64.ActiveCfg = Debug|Any CPU
		{C4FD07CD-7A49-4D80-ABC3-83685530A77B}.Debug|x64.Build.0 = Debug|Any CPU
		{C4FD07CD-7A49-4D80-ABC3-83685530A77B}.Debug|x86.ActiveCfg = Debug|Any CPU
		{C4FD07CD-7A49-4D80-ABC3-83685530A77B}.Debug|x86.Build.0 = Debug|Any CPU
		{C4FD07CD-7A49-4D80-ABC3-83685530A77B}.Release|Any CPU.ActiveCfg = Release|Any CPU
		{C4FD07CD-7A49-4D80-ABC3-83685530A77B}.Release|Any CPU.Build.0 = Release|Any CPU
		{C4FD07CD-7A49-4D80-ABC3-83685530A77B}.Release|x64.ActiveCfg = Release|Any CPU
		{C4FD07CD-7A49-4D80-ABC3-83685530A77B}.Release|x64.Build.0 = Release|Any CPU
		{C4FD07CD-7A49-4D80-ABC3-83685530A77B}.Release|x86.ActiveCfg = Release|Any CPU
		{C4FD07CD-7A49-4D80-ABC3-83685530A77B}.Release|x86.Build.0 = Release|Any CPU
	EndGlobalSection
	GlobalSection(SolutionProperties) = preSolution
		HideSolutionNode = FALSE
	EndGlobalSection
	GlobalSection(NestedProjects) = preSolution
		{F6D5BAC8-E9DF-63E9-F757-01B857547916} = {02EA681E-C7D8-13C7-8484-4AC65E1B71E8}
		{1FB833CB-1B3A-F9EF-EC5E-CEF13D97E9CE} = {02EA681E-C7D8-13C7-8484-4AC65E1B71E8}
		{0B80086C-757A-459D-DAE7-CE7EC5D615F6} = {02EA681E-C7D8-13C7-8484-4AC65E1B71E8}
		{EB9DCDB2-9FF9-4610-025E-BF673F2C9F2D} = {02EA681E-C7D8-13C7-8484-4AC65E1B71E8}
		{C4FD07CD-7A49-4D80-ABC3-83685530A77B} = {990CD275-DB27-49C0-B63B-2D72C67DCA8E}
	EndGlobalSection
	GlobalSection(ExtensibilityGlobals) = postSolution
		SolutionGuid = {7BDA82F5-EEF3-419F-BA65-58812BD5CF96}
	EndGlobalSection
EndGlobal
